
Microsoft Visual Studio Solution File, Format Version 12.00
# Visual Studio Version 17
VisualStudioVersion = 17.11.35208.52
MinimumVisualStudioVersion = 10.0.40219.1
Project("{9A19103F-16F7-4668-BE54-9A1E7A4F7556}") = "Kpakam", "Kpakam.csproj", "{A0650F79-9722-4AFE-816F-26E5CAB8CA45}"
EndProject
Global
	GlobalSection(SolutionConfigurationPlatforms) = preSolution
		Debug|Any CPU = Debug|Any CPU
		Release|Any CPU = Release|Any CPU
	EndGlobalSection
	GlobalSection(ProjectConfigurationPlatforms) = postSolution
		{A0650F79-9722-4AFE-816F-26E5CAB8CA45}.Debug|Any CPU.ActiveCfg = Debug|Any CPU
		{A0650F79-9722-4AFE-816F-26E5CAB8CA45}.Debug|Any CPU.Build.0 = Debug|Any CPU
		{A0650F79-9722-4AFE-816F-26E5CAB8CA45}.Release|Any CPU.ActiveCfg = Release|Any CPU
		{A0650F79-9722-4AFE-816F-26E5CAB8CA45}.Release|Any CPU.Build.0 = Release|Any CPU
	EndGlobalSection
	GlobalSection(SolutionProperties) = preSolution
		HideSolutionNode = FALSE
	EndGlobalSection
	GlobalSection(ExtensibilityGlobals) = postSolution
		SolutionGuid = {FA1239AC-86BA-4847-9DB9-5F3E07A16F05}
	EndGlobalSection
EndGlobal
